// !$*UTF8*$!
{
	archiveVersion = 1;
	classes = {
	};
	objectVersion = 46;
	objects = {

/* Begin PBXBuildFile section */
		5304226500B8D699702D03F5 /* InfoPlist.strings in Resources */ = {isa = PBXBuildFile; fileRef = 5304212A5BE5D6250AFDA8C2 /* InfoPlist.strings */; };
		530422807D541E33416C762D /* UIKit.framework in Frameworks */ = {isa = PBXBuildFile; fileRef = 5304272831AA98044FFD50CA /* UIKit.framework */; };
		5304232178987C0F278A27EF /* HomeScreen_mask@2x.png in Resources */ = {isa = PBXBuildFile; fileRef = 53042C5B5B49B350CA9927D1 /* HomeScreen_mask@2x.png */; };
		530423CEBFB839D4780EB975 /* Foundation.framework in Frameworks */ = {isa = PBXBuildFile; fileRef = 53042512077E4550C06DBCF2 /* Foundation.framework */; };
		530425676E9D28EC91C333C8 /* Images.xcassets in Resources */ = {isa = PBXBuildFile; fileRef = 530426558BE6386752F64786 /* Images.xcassets */; };
		530425C84C63F3E80EF7841A /* MMHomeView.m in Sources */ = {isa = PBXBuildFile; fileRef = 53042D601AEF180D99BEC2FE /* MMHomeView.m */; };
		530425FB47F64AEDFEB84527 /* InfoPlist.strings in Resources */ = {isa = PBXBuildFile; fileRef = 530424F2FAC91429EC9C1849 /* InfoPlist.strings */; };
		5304262FA1F2220804E43F81 /* MMControllerFactory.m in Sources */ = {isa = PBXBuildFile; fileRef = 530425EC69927A30FE12E77C /* MMControllerFactory.m */; };
		530427DE8574969475911F55 /* HomeScreen@2x.png in Resources */ = {isa = PBXBuildFile; fileRef = 530420AF8B6C2829F35B106C /* HomeScreen@2x.png */; };
		530428A9F1997D644F213945 /* main.m in Sources */ = {isa = PBXBuildFile; fileRef = 53042C8DA312A0F3D64BC2B6 /* main.m */; };
		530429BDB32A08A37071AE82 /* MMStubImageService.m in Sources */ = {isa = PBXBuildFile; fileRef = 53042D9C5B8750EE32F3FE96 /* MMStubImageService.m */; };
		530429C615C9C3305793D668 /* XCTest.framework in Frameworks */ = {isa = PBXBuildFile; fileRef = 530421138FFFE143E862A48E /* XCTest.framework */; };
		53042BCA78E77B0394E43469 /* background@2x.PNG in Resources */ = {isa = PBXBuildFile; fileRef = 530423C8641D2B57082B5FAA /* background@2x.PNG */; };
		53042C051C46EDA6AFB8537E /* MMHomeView.xib in Resources */ = {isa = PBXBuildFile; fileRef = 53042E07CDFFC416809EAE62 /* MMHomeView.xib */; };
		53042C08FD92F2AAD1476815 /* MMStubServiceFactory.m in Sources */ = {isa = PBXBuildFile; fileRef = 5304247936F2BF3715886547 /* MMStubServiceFactory.m */; };
		53042C0A1F0D7C6EF92F74D3 /* CoreGraphics.framework in Frameworks */ = {isa = PBXBuildFile; fileRef = 5304235EE44E256927089A71 /* CoreGraphics.framework */; };
		53042D7EB2E768758ABF206D /* MMAppDelegate.m in Sources */ = {isa = PBXBuildFile; fileRef = 53042AEC20A93EA74EB5C1FF /* MMAppDelegate.m */; };
		53042E3A81511B3C7C7ED6FE /* UIKit.framework in Frameworks */ = {isa = PBXBuildFile; fileRef = 5304272831AA98044FFD50CA /* UIKit.framework */; };
		53042E66B3DC95D9D4B3E1B8 /* Foundation.framework in Frameworks */ = {isa = PBXBuildFile; fileRef = 53042512077E4550C06DBCF2 /* Foundation.framework */; };
		53042F974282DD34E4969AB7 /* MMHomeViewController.m in Sources */ = {isa = PBXBuildFile; fileRef = 53042D42960B1AF03676BD33 /* MMHomeViewController.m */; };
		7974C232197A792500918CAC /* Foundation.framework in Frameworks */ = {isa = PBXBuildFile; fileRef = 53042512077E4550C06DBCF2 /* Foundation.framework */; };
		7974C233197A792500918CAC /* CoreGraphics.framework in Frameworks */ = {isa = PBXBuildFile; fileRef = 5304235EE44E256927089A71 /* CoreGraphics.framework */; };
		7974C234197A792500918CAC /* UIKit.framework in Frameworks */ = {isa = PBXBuildFile; fileRef = 5304272831AA98044FFD50CA /* UIKit.framework */; };
		7974C23A197A792500918CAC /* InfoPlist.strings in Resources */ = {isa = PBXBuildFile; fileRef = 7974C238197A792500918CAC /* InfoPlist.strings */; };
		7974C23C197A792500918CAC /* main.m in Sources */ = {isa = PBXBuildFile; fileRef = 7974C23B197A792500918CAC /* main.m */; };
		7974C240197A792500918CAC /* MMAppDelegate.m in Sources */ = {isa = PBXBuildFile; fileRef = 7974C23F197A792500918CAC /* MMAppDelegate.m */; };
		7974C242197A792500918CAC /* Images.xcassets in Resources */ = {isa = PBXBuildFile; fileRef = 7974C241197A792500918CAC /* Images.xcassets */; };
		7974C248197A792500918CAC /* XCTest.framework in Frameworks */ = {isa = PBXBuildFile; fileRef = 530421138FFFE143E862A48E /* XCTest.framework */; };
		7974C249197A792500918CAC /* Foundation.framework in Frameworks */ = {isa = PBXBuildFile; fileRef = 53042512077E4550C06DBCF2 /* Foundation.framework */; };
		7974C24A197A792600918CAC /* UIKit.framework in Frameworks */ = {isa = PBXBuildFile; fileRef = 5304272831AA98044FFD50CA /* UIKit.framework */; };
		7974C252197A792600918CAC /* InfoPlist.strings in Resources */ = {isa = PBXBuildFile; fileRef = 7974C250197A792600918CAC /* InfoPlist.strings */; };
		7974C25B197A798400918CAC /* MMMockedImageService.m in Sources */ = {isa = PBXBuildFile; fileRef = 530422B6888ACBB6563050B2 /* MMMockedImageService.m */; };
		7974C25C197A798700918CAC /* MMMockedServiceFactory.m in Sources */ = {isa = PBXBuildFile; fileRef = 530421906F8AC9C772531AA6 /* MMMockedServiceFactory.m */; };
		7974C25D197A799100918CAC /* image3@2x.jpg in Resources */ = {isa = PBXBuildFile; fileRef = 530425AB93C5814A9B385072 /* image3@2x.jpg */; };
		7974C25E197A799100918CAC /* image4@2x.jpg in Resources */ = {isa = PBXBuildFile; fileRef = 530427B99F3F326C5C579386 /* image4@2x.jpg */; };
		7974C25F197A799100918CAC /* image1@2x.jpg in Resources */ = {isa = PBXBuildFile; fileRef = 530427C20CF0B3C9C39E2FF0 /* image1@2x.jpg */; };
		7974C260197A799100918CAC /* image2@2x.jpg in Resources */ = {isa = PBXBuildFile; fileRef = 53042B9C04883E3294777065 /* image2@2x.jpg */; };
		7974C261197A799A00918CAC /* MMHomeView.xib in Resources */ = {isa = PBXBuildFile; fileRef = 53042E07CDFFC416809EAE62 /* MMHomeView.xib */; };
		7974C262197A79AB00918CAC /* MMControllerFactory.m in Sources */ = {isa = PBXBuildFile; fileRef = 530425EC69927A30FE12E77C /* MMControllerFactory.m */; };
		7974C263197A79C600918CAC /* MMHomeViewController.m in Sources */ = {isa = PBXBuildFile; fileRef = 53042D42960B1AF03676BD33 /* MMHomeViewController.m */; };
		7974C264197A79C900918CAC /* MMHomeView.m in Sources */ = {isa = PBXBuildFile; fileRef = 53042D601AEF180D99BEC2FE /* MMHomeView.m */; };
		7974C265197A7A9800918CAC /* background@2x.PNG in Resources */ = {isa = PBXBuildFile; fileRef = 530423C8641D2B57082B5FAA /* background@2x.PNG */; };
		7974C266197A7AD900918CAC /* MMMockedServiceTests.m in Sources */ = {isa = PBXBuildFile; fileRef = 79ECE1E919784C64006ACCB7 /* MMMockedServiceTests.m */; };
		7974C26C197AA10500918CAC /* XCTest.framework in Frameworks */ = {isa = PBXBuildFile; fileRef = 530421138FFFE143E862A48E /* XCTest.framework */; };
		7974C26D197AA10500918CAC /* Foundation.framework in Frameworks */ = {isa = PBXBuildFile; fileRef = 53042512077E4550C06DBCF2 /* Foundation.framework */; };
		7974C26E197AA10500918CAC /* UIKit.framework in Frameworks */ = {isa = PBXBuildFile; fileRef = 5304272831AA98044FFD50CA /* UIKit.framework */; };
		7974C274197AA10500918CAC /* InfoPlist.strings in Resources */ = {isa = PBXBuildFile; fileRef = 7974C272197AA10500918CAC /* InfoPlist.strings */; };
		7974C276197AA10500918CAC /* UITests.m in Sources */ = {isa = PBXBuildFile; fileRef = 7974C275197AA10500918CAC /* UITests.m */; };
		7974C27D197AA31200918CAC /* KIFUITestActor+ScreenComparer.m in Sources */ = {isa = PBXBuildFile; fileRef = 5304259B5E0F4F7AAE162A4E /* KIFUITestActor+ScreenComparer.m */; };
		79CF403E1975BC5900212988 /* MMHomeScreenTests.m in Sources */ = {isa = PBXBuildFile; fileRef = 79CF403D1975BC5900212988 /* MMHomeScreenTests.m */; };
		79ECE17719783C13006ACCB7 /* MMControllerFactoryTests.m in Sources */ = {isa = PBXBuildFile; fileRef = 79ECE17619783C13006ACCB7 /* MMControllerFactoryTests.m */; };
		930C8BC48DBC4ED8938DEE07 /* libPods-KIF mocked UI tests.a in Frameworks */ = {isa = PBXBuildFile; fileRef = F7A7E7AC13C0401299DEA339 /* libPods-KIF mocked UI tests.a */; };
/* End PBXBuildFile section */

/* Begin PBXContainerItemProxy section */
		530424DF724238B53ED8DE94 /* PBXContainerItemProxy */ = {
			isa = PBXContainerItemProxy;
			containerPortal = 530428161B295A77820B3F16 /* Project object */;
			proxyType = 1;
			remoteGlobalIDString = 53042BEC1E8ABBD59AC1451E;
			remoteInfo = TDDExample;
		};
		7974C24B197A792600918CAC /* PBXContainerItemProxy */ = {
			isa = PBXContainerItemProxy;
			containerPortal = 530428161B295A77820B3F16 /* Project object */;
			proxyType = 1;
			remoteGlobalIDString = 7974C230197A792500918CAC;
			remoteInfo = MockedServiceExample;
		};
		7974C278197AA10500918CAC /* PBXContainerItemProxy */ = {
			isa = PBXContainerItemProxy;
			containerPortal = 530428161B295A77820B3F16 /* Project object */;
			proxyType = 1;
			remoteGlobalIDString = 7974C230197A792500918CAC;
			remoteInfo = MockedServiceExample;
		};
/* End PBXContainerItemProxy section */

/* Begin PBXFileReference section */
		53042082E0726D9B5898E8C0 /* en */ = {isa = PBXFileReference; lastKnownFileType = text.plist.strings; name = en; path = en.lproj/InfoPlist.strings; sourceTree = "<group>"; };
		530420AF8B6C2829F35B106C /* HomeScreen@2x.png */ = {isa = PBXFileReference; lastKnownFileType = image.png; path = "HomeScreen@2x.png"; sourceTree = "<group>"; };
		530421138FFFE143E862A48E /* XCTest.framework */ = {isa = PBXFileReference; lastKnownFileType = wrapper.framework; name = XCTest.framework; path = Library/Frameworks/XCTest.framework; sourceTree = DEVELOPER_DIR; };
		5304213EFE9F69196BD0C6F6 /* TDDExampleTests-Info.plist */ = {isa = PBXFileReference; lastKnownFileType = text.plist.info; path = "TDDExampleTests-Info.plist"; sourceTree = "<group>"; };
		53042145466EDC8099B74402 /* TDDExampleTests.xctest */ = {isa = PBXFileReference; explicitFileType = wrapper.cfbundle; includeInIndex = 0; path = TDDExampleTests.xctest; sourceTree = BUILT_PRODUCTS_DIR; };
		530421906F8AC9C772531AA6 /* MMMockedServiceFactory.m */ = {isa = PBXFileReference; fileEncoding = 4; lastKnownFileType = sourcecode.c.objc; name = MMMockedServiceFactory.m; path = ../StubTDDExample/MMMockedServiceFactory.m; sourceTree = "<group>"; };
		5304222351156A260011CADA /* MMMockedServiceFactory.h */ = {isa = PBXFileReference; fileEncoding = 4; lastKnownFileType = sourcecode.c.h; name = MMMockedServiceFactory.h; path = ../StubTDDExample/MMMockedServiceFactory.h; sourceTree = "<group>"; };
		530422B6888ACBB6563050B2 /* MMMockedImageService.m */ = {isa = PBXFileReference; fileEncoding = 4; lastKnownFileType = sourcecode.c.objc; name = MMMockedImageService.m; path = ../StubTDDExample/MMMockedImageService.m; sourceTree = "<group>"; };
		5304235EE44E256927089A71 /* CoreGraphics.framework */ = {isa = PBXFileReference; lastKnownFileType = wrapper.framework; name = CoreGraphics.framework; path = System/Library/Frameworks/CoreGraphics.framework; sourceTree = SDKROOT; };
		530423C77DE0FC941C8EE3F1 /* MMServiceFactory.h */ = {isa = PBXFileReference; fileEncoding = 4; lastKnownFileType = sourcecode.c.h; path = MMServiceFactory.h; sourceTree = "<group>"; };
		530423C8641D2B57082B5FAA /* background@2x.PNG */ = {isa = PBXFileReference; lastKnownFileType = image.png; path = "background@2x.PNG"; sourceTree = "<group>"; };
		5304247936F2BF3715886547 /* MMStubServiceFactory.m */ = {isa = PBXFileReference; fileEncoding = 4; lastKnownFileType = sourcecode.c.objc; path = MMStubServiceFactory.m; sourceTree = "<group>"; };
		530424873567B5D7C0342B2A /* MMMockedImageService.h */ = {isa = PBXFileReference; fileEncoding = 4; lastKnownFileType = sourcecode.c.h; name = MMMockedImageService.h; path = ../StubTDDExample/MMMockedImageService.h; sourceTree = "<group>"; };
		53042512077E4550C06DBCF2 /* Foundation.framework */ = {isa = PBXFileReference; lastKnownFileType = wrapper.framework; name = Foundation.framework; path = System/Library/Frameworks/Foundation.framework; sourceTree = SDKROOT; };
		53042586448AD86825661E35 /* KIFUITestActor+ScreenComparer.h */ = {isa = PBXFileReference; fileEncoding = 4; lastKnownFileType = sourcecode.c.h; path = "KIFUITestActor+ScreenComparer.h"; sourceTree = "<group>"; };
		5304259B5E0F4F7AAE162A4E /* KIFUITestActor+ScreenComparer.m */ = {isa = PBXFileReference; fileEncoding = 4; lastKnownFileType = sourcecode.c.objc; path = "KIFUITestActor+ScreenComparer.m"; sourceTree = "<group>"; };
		530425AB93C5814A9B385072 /* image3@2x.jpg */ = {isa = PBXFileReference; lastKnownFileType = image.jpeg; path = "image3@2x.jpg"; sourceTree = "<group>"; };
		530425EC69927A30FE12E77C /* MMControllerFactory.m */ = {isa = PBXFileReference; fileEncoding = 4; lastKnownFileType = sourcecode.c.objc; path = MMControllerFactory.m; sourceTree = "<group>"; };
		530426558BE6386752F64786 /* Images.xcassets */ = {isa = PBXFileReference; lastKnownFileType = folder.assetcatalog; path = Images.xcassets; sourceTree = "<group>"; };
		5304272831AA98044FFD50CA /* UIKit.framework */ = {isa = PBXFileReference; lastKnownFileType = wrapper.framework; name = UIKit.framework; path = System/Library/Frameworks/UIKit.framework; sourceTree = SDKROOT; };
		530427B99F3F326C5C579386 /* image4@2x.jpg */ = {isa = PBXFileReference; lastKnownFileType = image.jpeg; path = "image4@2x.jpg"; sourceTree = "<group>"; };
		530427C20CF0B3C9C39E2FF0 /* image1@2x.jpg */ = {isa = PBXFileReference; lastKnownFileType = image.jpeg; path = "image1@2x.jpg"; sourceTree = "<group>"; };
		530429E35B5BFC19F8B0A967 /* MMHomeView.h */ = {isa = PBXFileReference; fileEncoding = 4; lastKnownFileType = sourcecode.c.h; path = MMHomeView.h; sourceTree = "<group>"; };
		53042A656B221DC2AA1B1B38 /* TDDExample-Info.plist */ = {isa = PBXFileReference; lastKnownFileType = text.plist.info; path = "TDDExample-Info.plist"; sourceTree = "<group>"; };
		53042AA39384F1C5FAB0D3C7 /* MMHomeViewController.h */ = {isa = PBXFileReference; fileEncoding = 4; lastKnownFileType = sourcecode.c.h; path = MMHomeViewController.h; sourceTree = "<group>"; };
		53042AEC20A93EA74EB5C1FF /* MMAppDelegate.m */ = {isa = PBXFileReference; lastKnownFileType = sourcecode.c.objc; path = MMAppDelegate.m; sourceTree = "<group>"; };
		53042AF211826F91C92DD90D /* MMAppDelegate.h */ = {isa = PBXFileReference; lastKnownFileType = sourcecode.c.h; path = MMAppDelegate.h; sourceTree = "<group>"; };
		53042B763960550B3F22F6E2 /* MMControllerFactory.h */ = {isa = PBXFileReference; fileEncoding = 4; lastKnownFileType = sourcecode.c.h; path = MMControllerFactory.h; sourceTree = "<group>"; };
		53042B8A8AB079022C5C6E6E /* TDDExample.app */ = {isa = PBXFileReference; explicitFileType = wrapper.application; includeInIndex = 0; path = TDDExample.app; sourceTree = BUILT_PRODUCTS_DIR; };
		53042B92B470A1DE1AA4ECA0 /* MMStubServiceFactory.h */ = {isa = PBXFileReference; fileEncoding = 4; lastKnownFileType = sourcecode.c.h; path = MMStubServiceFactory.h; sourceTree = "<group>"; };
		53042B9C04883E3294777065 /* image2@2x.jpg */ = {isa = PBXFileReference; lastKnownFileType = image.jpeg; path = "image2@2x.jpg"; sourceTree = "<group>"; };
		53042BF4037544CDB4D8CA65 /* TDDExample-Prefix.pch */ = {isa = PBXFileReference; lastKnownFileType = sourcecode.c.h; path = "TDDExample-Prefix.pch"; sourceTree = "<group>"; };
		53042C5B5B49B350CA9927D1 /* HomeScreen_mask@2x.png */ = {isa = PBXFileReference; lastKnownFileType = image.png; path = "HomeScreen_mask@2x.png"; sourceTree = "<group>"; };
		53042C8DA312A0F3D64BC2B6 /* main.m */ = {isa = PBXFileReference; lastKnownFileType = sourcecode.c.objc; path = main.m; sourceTree = "<group>"; };
		53042CBD0808CD7D32E4AB1B /* MMStubImageService.h */ = {isa = PBXFileReference; fileEncoding = 4; lastKnownFileType = sourcecode.c.h; path = MMStubImageService.h; sourceTree = "<group>"; };
		53042D42960B1AF03676BD33 /* MMHomeViewController.m */ = {isa = PBXFileReference; fileEncoding = 4; lastKnownFileType = sourcecode.c.objc; path = MMHomeViewController.m; sourceTree = "<group>"; };
		53042D601AEF180D99BEC2FE /* MMHomeView.m */ = {isa = PBXFileReference; fileEncoding = 4; lastKnownFileType = sourcecode.c.objc; path = MMHomeView.m; sourceTree = "<group>"; };
		53042D9C5B8750EE32F3FE96 /* MMStubImageService.m */ = {isa = PBXFileReference; fileEncoding = 4; lastKnownFileType = sourcecode.c.objc; path = MMStubImageService.m; sourceTree = "<group>"; };
		53042DA31BD9C5A28DD50976 /* MMImageService.h */ = {isa = PBXFileReference; fileEncoding = 4; lastKnownFileType = sourcecode.c.h; path = MMImageService.h; sourceTree = "<group>"; };
		53042E07CDFFC416809EAE62 /* MMHomeView.xib */ = {isa = PBXFileReference; lastKnownFileType = file.xib; path = MMHomeView.xib; sourceTree = "<group>"; };
		53042E1111644FAAC16175BF /* en */ = {isa = PBXFileReference; lastKnownFileType = text.plist.strings; name = en; path = en.lproj/InfoPlist.strings; sourceTree = "<group>"; };
		7974C231197A792500918CAC /* MockedServiceExample.app */ = {isa = PBXFileReference; explicitFileType = wrapper.application; includeInIndex = 0; path = MockedServiceExample.app; sourceTree = BUILT_PRODUCTS_DIR; };
		7974C237197A792500918CAC /* MockedServiceExample-Info.plist */ = {isa = PBXFileReference; lastKnownFileType = text.plist.xml; path = "MockedServiceExample-Info.plist"; sourceTree = "<group>"; };
		7974C239197A792500918CAC /* en */ = {isa = PBXFileReference; lastKnownFileType = text.plist.strings; name = en; path = en.lproj/InfoPlist.strings; sourceTree = "<group>"; };
		7974C23B197A792500918CAC /* main.m */ = {isa = PBXFileReference; lastKnownFileType = sourcecode.c.objc; path = main.m; sourceTree = "<group>"; };
		7974C23D197A792500918CAC /* MockedServiceExample-Prefix.pch */ = {isa = PBXFileReference; lastKnownFileType = sourcecode.c.h; path = "MockedServiceExample-Prefix.pch"; sourceTree = "<group>"; };
		7974C23E197A792500918CAC /* MMAppDelegate.h */ = {isa = PBXFileReference; lastKnownFileType = sourcecode.c.h; path = MMAppDelegate.h; sourceTree = "<group>"; };
		7974C23F197A792500918CAC /* MMAppDelegate.m */ = {isa = PBXFileReference; lastKnownFileType = sourcecode.c.objc; path = MMAppDelegate.m; sourceTree = "<group>"; };
		7974C241197A792500918CAC /* Images.xcassets */ = {isa = PBXFileReference; lastKnownFileType = folder.assetcatalog; path = Images.xcassets; sourceTree = "<group>"; };
		7974C247197A792500918CAC /* MockedServiceExampleTests.xctest */ = {isa = PBXFileReference; explicitFileType = wrapper.cfbundle; includeInIndex = 0; path = MockedServiceExampleTests.xctest; sourceTree = BUILT_PRODUCTS_DIR; };
		7974C24F197A792600918CAC /* MockedServiceExampleTests-Info.plist */ = {isa = PBXFileReference; lastKnownFileType = text.plist.xml; path = "MockedServiceExampleTests-Info.plist"; sourceTree = "<group>"; };
		7974C251197A792600918CAC /* en */ = {isa = PBXFileReference; lastKnownFileType = text.plist.strings; name = en; path = en.lproj/InfoPlist.strings; sourceTree = "<group>"; };
		7974C26B197AA10500918CAC /* KIF mocked UI tests.xctest */ = {isa = PBXFileReference; explicitFileType = wrapper.cfbundle; includeInIndex = 0; path = "KIF mocked UI tests.xctest"; sourceTree = BUILT_PRODUCTS_DIR; };
		7974C271197AA10500918CAC /* KIF mocked UI tests-Info.plist */ = {isa = PBXFileReference; lastKnownFileType = text.plist.xml; path = "KIF mocked UI tests-Info.plist"; sourceTree = "<group>"; };
		7974C273197AA10500918CAC /* en */ = {isa = PBXFileReference; lastKnownFileType = text.plist.strings; name = en; path = en.lproj/InfoPlist.strings; sourceTree = "<group>"; };
		7974C275197AA10500918CAC /* UITests.m */ = {isa = PBXFileReference; lastKnownFileType = sourcecode.c.objc; path = UITests.m; sourceTree = "<group>"; };
		7974C277197AA10500918CAC /* KIF mocked UI tests-Prefix.pch */ = {isa = PBXFileReference; lastKnownFileType = sourcecode.c.h; path = "KIF mocked UI tests-Prefix.pch"; sourceTree = "<group>"; };
		79CF403D1975BC5900212988 /* MMHomeScreenTests.m */ = {isa = PBXFileReference; fileEncoding = 4; lastKnownFileType = sourcecode.c.objc; path = MMHomeScreenTests.m; sourceTree = "<group>"; };
		79ECE17619783C13006ACCB7 /* MMControllerFactoryTests.m */ = {isa = PBXFileReference; fileEncoding = 4; lastKnownFileType = sourcecode.c.objc; path = MMControllerFactoryTests.m; sourceTree = "<group>"; };
		79ECE1E919784C64006ACCB7 /* MMMockedServiceTests.m */ = {isa = PBXFileReference; lastKnownFileType = sourcecode.c.objc; name = MMMockedServiceTests.m; path = "../StubTDDExample Unit tests/MMMockedServiceTests.m"; sourceTree = "<group>"; };
		DD33B689278541C9A5436B7C /* Pods-KIF mocked UI tests.xcconfig */ = {isa = PBXFileReference; includeInIndex = 1; lastKnownFileType = text.xcconfig; name = "Pods-KIF mocked UI tests.xcconfig"; path = "Pods/Pods-KIF mocked UI tests.xcconfig"; sourceTree = "<group>"; };
		F7A7E7AC13C0401299DEA339 /* libPods-KIF mocked UI tests.a */ = {isa = PBXFileReference; explicitFileType = archive.ar; includeInIndex = 0; path = "libPods-KIF mocked UI tests.a"; sourceTree = BUILT_PRODUCTS_DIR; };
/* End PBXFileReference section */

/* Begin PBXFrameworksBuildPhase section */
		53042C5D9123909284C71A8C /* Frameworks */ = {
			isa = PBXFrameworksBuildPhase;
			buildActionMask = 2147483647;
			files = (
				530423CEBFB839D4780EB975 /* Foundation.framework in Frameworks */,
				53042C0A1F0D7C6EF92F74D3 /* CoreGraphics.framework in Frameworks */,
				53042E3A81511B3C7C7ED6FE /* UIKit.framework in Frameworks */,
			);
			runOnlyForDeploymentPostprocessing = 0;
		};
		53042D43C56CB48BDC2C5A76 /* Frameworks */ = {
			isa = PBXFrameworksBuildPhase;
			buildActionMask = 2147483647;
			files = (
				530429C615C9C3305793D668 /* XCTest.framework in Frameworks */,
				53042E66B3DC95D9D4B3E1B8 /* Foundation.framework in Frameworks */,
				530422807D541E33416C762D /* UIKit.framework in Frameworks */,
			);
			runOnlyForDeploymentPostprocessing = 0;
		};
		7974C22E197A792500918CAC /* Frameworks */ = {
			isa = PBXFrameworksBuildPhase;
			buildActionMask = 2147483647;
			files = (
				7974C233197A792500918CAC /* CoreGraphics.framework in Frameworks */,
				7974C234197A792500918CAC /* UIKit.framework in Frameworks */,
				7974C232197A792500918CAC /* Foundation.framework in Frameworks */,
			);
			runOnlyForDeploymentPostprocessing = 0;
		};
		7974C244197A792500918CAC /* Frameworks */ = {
			isa = PBXFrameworksBuildPhase;
			buildActionMask = 2147483647;
			files = (
				7974C248197A792500918CAC /* XCTest.framework in Frameworks */,
				7974C24A197A792600918CAC /* UIKit.framework in Frameworks */,
				7974C249197A792500918CAC /* Foundation.framework in Frameworks */,
			);
			runOnlyForDeploymentPostprocessing = 0;
		};
		7974C268197AA10500918CAC /* Frameworks */ = {
			isa = PBXFrameworksBuildPhase;
			buildActionMask = 2147483647;
			files = (
				7974C26C197AA10500918CAC /* XCTest.framework in Frameworks */,
				7974C26E197AA10500918CAC /* UIKit.framework in Frameworks */,
				7974C26D197AA10500918CAC /* Foundation.framework in Frameworks */,
				930C8BC48DBC4ED8938DEE07 /* libPods-KIF mocked UI tests.a in Frameworks */,
			);
			runOnlyForDeploymentPostprocessing = 0;
		};
/* End PBXFrameworksBuildPhase section */

/* Begin PBXGroup section */
		530420144D7B81FA0F5D521F /* Reference Screens */ = {
			isa = PBXGroup;
			children = (
				530420AF8B6C2829F35B106C /* HomeScreen@2x.png */,
				53042C5B5B49B350CA9927D1 /* HomeScreen_mask@2x.png */,
			);
			path = "Reference Screens";
			sourceTree = "<group>";
		};
		53042079EDE31A28846AE1D6 /* Mocks */ = {
			isa = PBXGroup;
			children = (
				53042B92B470A1DE1AA4ECA0 /* MMStubServiceFactory.h */,
				53042CBD0808CD7D32E4AB1B /* MMStubImageService.h */,
				5304247936F2BF3715886547 /* MMStubServiceFactory.m */,
				53042D9C5B8750EE32F3FE96 /* MMStubImageService.m */,
			);
			path = Mocks;
			sourceTree = "<group>";
		};
		5304207DEDBA1C16700F216F = {
			isa = PBXGroup;
			children = (
				7974C235197A792500918CAC /* MockedServiceExample */,
				7974C24D197A792600918CAC /* MockedServiceExampleTests */,
				7974C26F197AA10500918CAC /* KIF mocked UI tests */,
				53042F8D94FC78AE669F7774 /* Products */,
				530420EAEEBF5C7D306B4D5C /* Frameworks */,
				53042B11C1F4DE171D49A0DC /* TDDExample */,
				5304232707B68303D2ED799C /* TDDExampleTests */,
				DD33B689278541C9A5436B7C /* Pods-KIF mocked UI tests.xcconfig */,
			);
			sourceTree = "<group>";
		};
		530420EAEEBF5C7D306B4D5C /* Frameworks */ = {
			isa = PBXGroup;
			children = (
				53042512077E4550C06DBCF2 /* Foundation.framework */,
				5304235EE44E256927089A71 /* CoreGraphics.framework */,
				5304272831AA98044FFD50CA /* UIKit.framework */,
				530421138FFFE143E862A48E /* XCTest.framework */,
				F7A7E7AC13C0401299DEA339 /* libPods-KIF mocked UI tests.a */,
			);
			name = Frameworks;
			sourceTree = "<group>";
		};
		5304232707B68303D2ED799C /* TDDExampleTests */ = {
			isa = PBXGroup;
			children = (
				530426737ED2B6833A62B1C2 /* Supporting Files */,
				79CF403D1975BC5900212988 /* MMHomeScreenTests.m */,
				79ECE17619783C13006ACCB7 /* MMControllerFactoryTests.m */,
				53042079EDE31A28846AE1D6 /* Mocks */,
			);
			path = TDDExampleTests;
			sourceTree = "<group>";
		};
		530426737ED2B6833A62B1C2 /* Supporting Files */ = {
			isa = PBXGroup;
			children = (
				5304213EFE9F69196BD0C6F6 /* TDDExampleTests-Info.plist */,
				5304212A5BE5D6250AFDA8C2 /* InfoPlist.strings */,
			);
			name = "Supporting Files";
			sourceTree = "<group>";
		};
		530428975FA8060BB20D341B /* Supporting Files */ = {
			isa = PBXGroup;
			children = (
				53042A656B221DC2AA1B1B38 /* TDDExample-Info.plist */,
				530424F2FAC91429EC9C1849 /* InfoPlist.strings */,
				53042C8DA312A0F3D64BC2B6 /* main.m */,
				53042BF4037544CDB4D8CA65 /* TDDExample-Prefix.pch */,
			);
			name = "Supporting Files";
			sourceTree = "<group>";
		};
		53042AE0343E0908FB890579 /* Assets */ = {
			isa = PBXGroup;
			children = (
				530425AB93C5814A9B385072 /* image3@2x.jpg */,
				530427B99F3F326C5C579386 /* image4@2x.jpg */,
				530427C20CF0B3C9C39E2FF0 /* image1@2x.jpg */,
				53042B9C04883E3294777065 /* image2@2x.jpg */,
			);
			name = Assets;
			path = ../StubTDDExample/Assets;
			sourceTree = "<group>";
		};
		53042B11C1F4DE171D49A0DC /* TDDExample */ = {
			isa = PBXGroup;
			children = (
				530428975FA8060BB20D341B /* Supporting Files */,
				53042AF211826F91C92DD90D /* MMAppDelegate.h */,
				53042AEC20A93EA74EB5C1FF /* MMAppDelegate.m */,
				530426558BE6386752F64786 /* Images.xcassets */,
				53042D601AEF180D99BEC2FE /* MMHomeView.m */,
				530429E35B5BFC19F8B0A967 /* MMHomeView.h */,
				53042E07CDFFC416809EAE62 /* MMHomeView.xib */,
				53042D42960B1AF03676BD33 /* MMHomeViewController.m */,
				53042AA39384F1C5FAB0D3C7 /* MMHomeViewController.h */,
				530423C8641D2B57082B5FAA /* background@2x.PNG */,
				53042DA31BD9C5A28DD50976 /* MMImageService.h */,
				530423C77DE0FC941C8EE3F1 /* MMServiceFactory.h */,
				53042B763960550B3F22F6E2 /* MMControllerFactory.h */,
				530425EC69927A30FE12E77C /* MMControllerFactory.m */,
			);
			path = TDDExample;
			sourceTree = "<group>";
		};
		53042F8D94FC78AE669F7774 /* Products */ = {
			isa = PBXGroup;
			children = (
				53042B8A8AB079022C5C6E6E /* TDDExample.app */,
				53042145466EDC8099B74402 /* TDDExampleTests.xctest */,
				7974C231197A792500918CAC /* MockedServiceExample.app */,
				7974C247197A792500918CAC /* MockedServiceExampleTests.xctest */,
				7974C26B197AA10500918CAC /* KIF mocked UI tests.xctest */,
			);
			name = Products;
			sourceTree = "<group>";
		};
		7974C235197A792500918CAC /* MockedServiceExample */ = {
			isa = PBXGroup;
			children = (
				530421906F8AC9C772531AA6 /* MMMockedServiceFactory.m */,
				5304222351156A260011CADA /* MMMockedServiceFactory.h */,
				53042AE0343E0908FB890579 /* Assets */,
				530422B6888ACBB6563050B2 /* MMMockedImageService.m */,
				530424873567B5D7C0342B2A /* MMMockedImageService.h */,
				7974C23E197A792500918CAC /* MMAppDelegate.h */,
				7974C23F197A792500918CAC /* MMAppDelegate.m */,
				7974C241197A792500918CAC /* Images.xcassets */,
				7974C236197A792500918CAC /* Supporting Files */,
			);
			path = MockedServiceExample;
			sourceTree = "<group>";
		};
		7974C236197A792500918CAC /* Supporting Files */ = {
			isa = PBXGroup;
			children = (
				7974C237197A792500918CAC /* MockedServiceExample-Info.plist */,
				7974C238197A792500918CAC /* InfoPlist.strings */,
				7974C23B197A792500918CAC /* main.m */,
				7974C23D197A792500918CAC /* MockedServiceExample-Prefix.pch */,
			);
			name = "Supporting Files";
			sourceTree = "<group>";
		};
		7974C24D197A792600918CAC /* MockedServiceExampleTests */ = {
			isa = PBXGroup;
			children = (
				79ECE1E919784C64006ACCB7 /* MMMockedServiceTests.m */,
				7974C24E197A792600918CAC /* Supporting Files */,
			);
			path = MockedServiceExampleTests;
			sourceTree = "<group>";
		};
		7974C24E197A792600918CAC /* Supporting Files */ = {
			isa = PBXGroup;
			children = (
				7974C24F197A792600918CAC /* MockedServiceExampleTests-Info.plist */,
				7974C250197A792600918CAC /* InfoPlist.strings */,
			);
			name = "Supporting Files";
			sourceTree = "<group>";
		};
		7974C26F197AA10500918CAC /* KIF mocked UI tests */ = {
			isa = PBXGroup;
			children = (
				7974C275197AA10500918CAC /* UITests.m */,
				7974C270197AA10500918CAC /* Supporting Files */,
				53042586448AD86825661E35 /* KIFUITestActor+ScreenComparer.h */,
				5304259B5E0F4F7AAE162A4E /* KIFUITestActor+ScreenComparer.m */,
				530420144D7B81FA0F5D521F /* Reference Screens */,
			);
			path = "KIF mocked UI tests";
			sourceTree = "<group>";
		};
		7974C270197AA10500918CAC /* Supporting Files */ = {
			isa = PBXGroup;
			children = (
				7974C271197AA10500918CAC /* KIF mocked UI tests-Info.plist */,
				7974C272197AA10500918CAC /* InfoPlist.strings */,
				7974C277197AA10500918CAC /* KIF mocked UI tests-Prefix.pch */,
			);
			name = "Supporting Files";
			sourceTree = "<group>";
		};
/* End PBXGroup section */

/* Begin PBXNativeTarget section */
		53042977D1001C942B4F0537 /* TDDExampleTests */ = {
			isa = PBXNativeTarget;
			buildConfigurationList = 530426549E5EA9CD7F95E00A /* Build configuration list for PBXNativeTarget "TDDExampleTests" */;
			buildPhases = (
				53042017FA87A190D165AF01 /* Sources */,
				53042D43C56CB48BDC2C5A76 /* Frameworks */,
				530423E50102CD1B2E810E20 /* Resources */,
			);
			buildRules = (
			);
			dependencies = (
				53042286D095B2A9765B3152 /* PBXTargetDependency */,
			);
			name = TDDExampleTests;
			productName = TDDExampleTests;
			productReference = 53042145466EDC8099B74402 /* TDDExampleTests.xctest */;
			productType = "com.apple.product-type.bundle.unit-test";
		};
		53042BEC1E8ABBD59AC1451E /* TDDExample */ = {
			isa = PBXNativeTarget;
			buildConfigurationList = 53042199DF36D669F5738D47 /* Build configuration list for PBXNativeTarget "TDDExample" */;
			buildPhases = (
				530426C1979DC6C599997685 /* Sources */,
				53042C5D9123909284C71A8C /* Frameworks */,
				530429F4A59A660E6B61AEA0 /* Resources */,
			);
			buildRules = (
			);
			dependencies = (
			);
			name = TDDExample;
			productName = TDDExample;
			productReference = 53042B8A8AB079022C5C6E6E /* TDDExample.app */;
			productType = "com.apple.product-type.application";
		};
		7974C230197A792500918CAC /* MockedServiceExample */ = {
			isa = PBXNativeTarget;
			buildConfigurationList = 7974C255197A792600918CAC /* Build configuration list for PBXNativeTarget "MockedServiceExample" */;
			buildPhases = (
				7974C22D197A792500918CAC /* Sources */,
				7974C22E197A792500918CAC /* Frameworks */,
				7974C22F197A792500918CAC /* Resources */,
			);
			buildRules = (
			);
			dependencies = (
			);
			name = MockedServiceExample;
			productName = MockedServiceExample;
			productReference = 7974C231197A792500918CAC /* MockedServiceExample.app */;
			productType = "com.apple.product-type.application";
		};
		7974C246197A792500918CAC /* MockedServiceExampleTests */ = {
			isa = PBXNativeTarget;
			buildConfigurationList = 7974C258197A792600918CAC /* Build configuration list for PBXNativeTarget "MockedServiceExampleTests" */;
			buildPhases = (
				7974C243197A792500918CAC /* Sources */,
				7974C244197A792500918CAC /* Frameworks */,
				7974C245197A792500918CAC /* Resources */,
			);
			buildRules = (
			);
			dependencies = (
				7974C24C197A792600918CAC /* PBXTargetDependency */,
			);
			name = MockedServiceExampleTests;
			productName = MockedServiceExampleTests;
			productReference = 7974C247197A792500918CAC /* MockedServiceExampleTests.xctest */;
			productType = "com.apple.product-type.bundle.unit-test";
		};
		7974C26A197AA10500918CAC /* KIF mocked UI tests */ = {
			isa = PBXNativeTarget;
			buildConfigurationList = 7974C27A197AA10500918CAC /* Build configuration list for PBXNativeTarget "KIF mocked UI tests" */;
			buildPhases = (
				8116E0E428CC42BCB0580A7C /* Check Pods Manifest.lock */,
				7974C267197AA10500918CAC /* Sources */,
				7974C268197AA10500918CAC /* Frameworks */,
				7974C269197AA10500918CAC /* Resources */,
				21E007BF2DB04003ADBE9AC7 /* Copy Pods Resources */,
			);
			buildRules = (
			);
			dependencies = (
				7974C279197AA10500918CAC /* PBXTargetDependency */,
			);
			name = "KIF mocked UI tests";
			productName = "KIF mocked UI tests";
			productReference = 7974C26B197AA10500918CAC /* KIF mocked UI tests.xctest */;
			productType = "com.apple.product-type.bundle.unit-test";
		};
/* End PBXNativeTarget section */

/* Begin PBXProject section */
		530428161B295A77820B3F16 /* Project object */ = {
			isa = PBXProject;
			attributes = {
				ORGANIZATIONNAME = "Marek Mościchowski";
				TargetAttributes = {
					53042977D1001C942B4F0537 = {
						TestTargetID = 53042BEC1E8ABBD59AC1451E;
					};
					7974C246197A792500918CAC = {
						TestTargetID = 7974C230197A792500918CAC;
					};
					7974C26A197AA10500918CAC = {
						TestTargetID = 7974C230197A792500918CAC;
					};
				};
			};
			buildConfigurationList = 530428DA7F776D199DAEDBA3 /* Build configuration list for PBXProject "TDDExample" */;
			compatibilityVersion = "Xcode 3.2";
			developmentRegion = English;
			hasScannedForEncodings = 0;
			knownRegions = (
				en,
			);
			mainGroup = 5304207DEDBA1C16700F216F;
			productRefGroup = 53042F8D94FC78AE669F7774 /* Products */;
			projectDirPath = "";
			projectRoot = "";
			targets = (
				53042BEC1E8ABBD59AC1451E /* TDDExample */,
				53042977D1001C942B4F0537 /* TDDExampleTests */,
				7974C230197A792500918CAC /* MockedServiceExample */,
				7974C246197A792500918CAC /* MockedServiceExampleTests */,
				7974C26A197AA10500918CAC /* KIF mocked UI tests */,
			);
		};
/* End PBXProject section */

/* Begin PBXResourcesBuildPhase section */
		530423E50102CD1B2E810E20 /* Resources */ = {
			isa = PBXResourcesBuildPhase;
			buildActionMask = 2147483647;
			files = (
				5304226500B8D699702D03F5 /* InfoPlist.strings in Resources */,
			);
			runOnlyForDeploymentPostprocessing = 0;
		};
		530429F4A59A660E6B61AEA0 /* Resources */ = {
			isa = PBXResourcesBuildPhase;
			buildActionMask = 2147483647;
			files = (
				530425FB47F64AEDFEB84527 /* InfoPlist.strings in Resources */,
				530425676E9D28EC91C333C8 /* Images.xcassets in Resources */,
				53042C051C46EDA6AFB8537E /* MMHomeView.xib in Resources */,
				53042BCA78E77B0394E43469 /* background@2x.PNG in Resources */,
			);
			runOnlyForDeploymentPostprocessing = 0;
		};
		7974C22F197A792500918CAC /* Resources */ = {
			isa = PBXResourcesBuildPhase;
			buildActionMask = 2147483647;
			files = (
				7974C25D197A799100918CAC /* image3@2x.jpg in Resources */,
				7974C260197A799100918CAC /* image2@2x.jpg in Resources */,
				7974C25E197A799100918CAC /* image4@2x.jpg in Resources */,
				7974C23A197A792500918CAC /* InfoPlist.strings in Resources */,
				7974C25F197A799100918CAC /* image1@2x.jpg in Resources */,
				7974C261197A799A00918CAC /* MMHomeView.xib in Resources */,
				7974C265197A7A9800918CAC /* background@2x.PNG in Resources */,
				7974C242197A792500918CAC /* Images.xcassets in Resources */,
			);
			runOnlyForDeploymentPostprocessing = 0;
		};
		7974C245197A792500918CAC /* Resources */ = {
			isa = PBXResourcesBuildPhase;
			buildActionMask = 2147483647;
			files = (
				7974C252197A792600918CAC /* InfoPlist.strings in Resources */,
			);
			runOnlyForDeploymentPostprocessing = 0;
		};
		7974C269197AA10500918CAC /* Resources */ = {
			isa = PBXResourcesBuildPhase;
			buildActionMask = 2147483647;
			files = (
				7974C274197AA10500918CAC /* InfoPlist.strings in Resources */,
				530427DE8574969475911F55 /* HomeScreen@2x.png in Resources */,
				5304232178987C0F278A27EF /* HomeScreen_mask@2x.png in Resources */,
			);
			runOnlyForDeploymentPostprocessing = 0;
		};
/* End PBXResourcesBuildPhase section */

/* Begin PBXShellScriptBuildPhase section */
		21E007BF2DB04003ADBE9AC7 /* Copy Pods Resources */ = {
			isa = PBXShellScriptBuildPhase;
			buildActionMask = 2147483647;
			files = (
			);
			inputPaths = (
			);
			name = "Copy Pods Resources";
			outputPaths = (
			);
			runOnlyForDeploymentPostprocessing = 0;
			shellPath = /bin/sh;
			shellScript = "\"${SRCROOT}/Pods/Pods-KIF mocked UI tests-resources.sh\"\n";
			showEnvVarsInLog = 0;
		};
		8116E0E428CC42BCB0580A7C /* Check Pods Manifest.lock */ = {
			isa = PBXShellScriptBuildPhase;
			buildActionMask = 2147483647;
			files = (
			);
			inputPaths = (
			);
			name = "Check Pods Manifest.lock";
			outputPaths = (
			);
			runOnlyForDeploymentPostprocessing = 0;
			shellPath = /bin/sh;
			shellScript = "diff \"${PODS_ROOT}/../Podfile.lock\" \"${PODS_ROOT}/Manifest.lock\" > /dev/null\nif [[ $? != 0 ]] ; then\n    cat << EOM\nerror: The sandbox is not in sync with the Podfile.lock. Run 'pod install' or update your CocoaPods installation.\nEOM\n    exit 1\nfi\n";
			showEnvVarsInLog = 0;
		};
/* End PBXShellScriptBuildPhase section */

/* Begin PBXSourcesBuildPhase section */
		53042017FA87A190D165AF01 /* Sources */ = {
			isa = PBXSourcesBuildPhase;
			buildActionMask = 2147483647;
			files = (
				79CF403E1975BC5900212988 /* MMHomeScreenTests.m in Sources */,
				79ECE17719783C13006ACCB7 /* MMControllerFactoryTests.m in Sources */,
				53042C08FD92F2AAD1476815 /* MMStubServiceFactory.m in Sources */,
				530429BDB32A08A37071AE82 /* MMStubImageService.m in Sources */,
			);
			runOnlyForDeploymentPostprocessing = 0;
		};
		530426C1979DC6C599997685 /* Sources */ = {
			isa = PBXSourcesBuildPhase;
			buildActionMask = 2147483647;
			files = (
				530428A9F1997D644F213945 /* main.m in Sources */,
				53042D7EB2E768758ABF206D /* MMAppDelegate.m in Sources */,
				530425C84C63F3E80EF7841A /* MMHomeView.m in Sources */,
				53042F974282DD34E4969AB7 /* MMHomeViewController.m in Sources */,
				5304262FA1F2220804E43F81 /* MMControllerFactory.m in Sources */,
			);
			runOnlyForDeploymentPostprocessing = 0;
		};
		7974C22D197A792500918CAC /* Sources */ = {
			isa = PBXSourcesBuildPhase;
			buildActionMask = 2147483647;
			files = (
				7974C264197A79C900918CAC /* MMHomeView.m in Sources */,
				7974C25B197A798400918CAC /* MMMockedImageService.m in Sources */,
				7974C25C197A798700918CAC /* MMMockedServiceFactory.m in Sources */,
				7974C262197A79AB00918CAC /* MMControllerFactory.m in Sources */,
				7974C240197A792500918CAC /* MMAppDelegate.m in Sources */,
				7974C23C197A792500918CAC /* main.m in Sources */,
				7974C263197A79C600918CAC /* MMHomeViewController.m in Sources */,
			);
			runOnlyForDeploymentPostprocessing = 0;
		};
		7974C243197A792500918CAC /* Sources */ = {
			isa = PBXSourcesBuildPhase;
			buildActionMask = 2147483647;
			files = (
				7974C266197A7AD900918CAC /* MMMockedServiceTests.m in Sources */,
			);
			runOnlyForDeploymentPostprocessing = 0;
		};
		7974C267197AA10500918CAC /* Sources */ = {
			isa = PBXSourcesBuildPhase;
			buildActionMask = 2147483647;
			files = (
				7974C276197AA10500918CAC /* UITests.m in Sources */,
				7974C27D197AA31200918CAC /* KIFUITestActor+ScreenComparer.m in Sources */,
			);
			runOnlyForDeploymentPostprocessing = 0;
		};
/* End PBXSourcesBuildPhase section */

/* Begin PBXTargetDependency section */
		53042286D095B2A9765B3152 /* PBXTargetDependency */ = {
			isa = PBXTargetDependency;
			target = 53042BEC1E8ABBD59AC1451E /* TDDExample */;
			targetProxy = 530424DF724238B53ED8DE94 /* PBXContainerItemProxy */;
		};
		7974C24C197A792600918CAC /* PBXTargetDependency */ = {
			isa = PBXTargetDependency;
			target = 7974C230197A792500918CAC /* MockedServiceExample */;
			targetProxy = 7974C24B197A792600918CAC /* PBXContainerItemProxy */;
		};
		7974C279197AA10500918CAC /* PBXTargetDependency */ = {
			isa = PBXTargetDependency;
			target = 7974C230197A792500918CAC /* MockedServiceExample */;
			targetProxy = 7974C278197AA10500918CAC /* PBXContainerItemProxy */;
		};
/* End PBXTargetDependency section */

/* Begin PBXVariantGroup section */
		5304212A5BE5D6250AFDA8C2 /* InfoPlist.strings */ = {
			isa = PBXVariantGroup;
			children = (
				53042082E0726D9B5898E8C0 /* en */,
			);
			name = InfoPlist.strings;
			sourceTree = "<group>";
		};
		530424F2FAC91429EC9C1849 /* InfoPlist.strings */ = {
			isa = PBXVariantGroup;
			children = (
				53042E1111644FAAC16175BF /* en */,
			);
			name = InfoPlist.strings;
			sourceTree = "<group>";
		};
		7974C238197A792500918CAC /* InfoPlist.strings */ = {
			isa = PBXVariantGroup;
			children = (
				7974C239197A792500918CAC /* en */,
			);
			name = InfoPlist.strings;
			sourceTree = "<group>";
		};
		7974C250197A792600918CAC /* InfoPlist.strings */ = {
			isa = PBXVariantGroup;
			children = (
				7974C251197A792600918CAC /* en */,
			);
			name = InfoPlist.strings;
			sourceTree = "<group>";
		};
		7974C272197AA10500918CAC /* InfoPlist.strings */ = {
			isa = PBXVariantGroup;
			children = (
				7974C273197AA10500918CAC /* en */,
			);
			name = InfoPlist.strings;
			sourceTree = "<group>";
		};
/* End PBXVariantGroup section */

/* Begin XCBuildConfiguration section */
		5304220B0AA1826CCF2A4B70 /* Release */ = {
			isa = XCBuildConfiguration;
			buildSettings = {
				BUNDLE_LOADER = "$(BUILT_PRODUCTS_DIR)/TDDExample.app/TDDExample";
				FRAMEWORK_SEARCH_PATHS = (
					"$(SDKROOT)/Developer/Library/Frameworks",
					"$(inherited)",
				);
				GCC_PRECOMPILE_PREFIX_HEADER = YES;
				GCC_PREFIX_HEADER = "TDDExample/TDDExample-Prefix.pch";
				INFOPLIST_FILE = "TDDExampleTests/TDDExampleTests-Info.plist";
				PRODUCT_NAME = "$(TARGET_NAME)";
				TEST_HOST = "$(BUNDLE_LOADER)";
				WRAPPER_EXTENSION = xctest;
			};
			name = Release;
		};
		5304220F03B9C7863819CBD4 /* Release */ = {
			isa = XCBuildConfiguration;
			buildSettings = {
				ASSETCATALOG_COMPILER_APPICON_NAME = AppIcon;
				ASSETCATALOG_COMPILER_LAUNCHIMAGE_NAME = LaunchImage;
				GCC_PRECOMPILE_PREFIX_HEADER = YES;
				GCC_PREFIX_HEADER = "TDDExample/TDDExample-Prefix.pch";
				INFOPLIST_FILE = "TDDExample/TDDExample-Info.plist";
				PRODUCT_NAME = "$(TARGET_NAME)";
				WRAPPER_EXTENSION = app;
			};
			name = Release;
		};
		530426DDC41E8B24FAEE036D /* Debug */ = {
			isa = XCBuildConfiguration;
			buildSettings = {
				ASSETCATALOG_COMPILER_APPICON_NAME = AppIcon;
				ASSETCATALOG_COMPILER_LAUNCHIMAGE_NAME = LaunchImage;
				GCC_PRECOMPILE_PREFIX_HEADER = YES;
				GCC_PREFIX_HEADER = "TDDExample/TDDExample-Prefix.pch";
				INFOPLIST_FILE = "TDDExample/TDDExample-Info.plist";
				PRODUCT_NAME = "$(TARGET_NAME)";
				WRAPPER_EXTENSION = app;
			};
			name = Debug;
		};
		530426DE54C9E7D5EFDED9F2 /* Debug */ = {
			isa = XCBuildConfiguration;
			buildSettings = {
				ALWAYS_SEARCH_USER_PATHS = NO;
				CLANG_CXX_LANGUAGE_STANDARD = "gnu++0x";
				CLANG_CXX_LIBRARY = "libc++";
				CLANG_ENABLE_MODULES = YES;
				CLANG_ENABLE_OBJC_ARC = YES;
				CLANG_WARN_BOOL_CONVERSION = YES;
				CLANG_WARN_CONSTANT_CONVERSION = YES;
				CLANG_WARN_DIRECT_OBJC_ISA_USAGE = YES_ERROR;
				CLANG_WARN_EMPTY_BODY = YES;
				CLANG_WARN_ENUM_CONVERSION = YES;
				CLANG_WARN_INT_CONVERSION = YES;
				CLANG_WARN_OBJC_ROOT_CLASS = YES_ERROR;
				CLANG_WARN__DUPLICATE_METHOD_MATCH = YES;
				"CODE_SIGN_IDENTITY[sdk=iphoneos*]" = "iPhone Developer";
				COPY_PHASE_STRIP = NO;
				GCC_C_LANGUAGE_STANDARD = gnu99;
				GCC_DYNAMIC_NO_PIC = NO;
				GCC_OPTIMIZATION_LEVEL = 0;
				GCC_PREPROCESSOR_DEFINITIONS = (
					"DEBUG=1",
					"$(inherited)",
				);
				GCC_SYMBOLS_PRIVATE_EXTERN = NO;
				GCC_WARN_64_TO_32_BIT_CONVERSION = YES;
				GCC_WARN_ABOUT_RETURN_TYPE = YES_ERROR;
				GCC_WARN_UNDECLARED_SELECTOR = YES;
				GCC_WARN_UNINITIALIZED_AUTOS = YES_AGGRESSIVE;
				GCC_WARN_UNUSED_FUNCTION = YES;
				GCC_WARN_UNUSED_VARIABLE = YES;
				IPHONEOS_DEPLOYMENT_TARGET = 7.1;
				ONLY_ACTIVE_ARCH = YES;
				SDKROOT = iphoneos;
				TARGETED_DEVICE_FAMILY = "1,2";
			};
			name = Debug;
		};
		53042A3C3E12550994DA1078 /* Debug */ = {
			isa = XCBuildConfiguration;
			buildSettings = {
				BUNDLE_LOADER = "$(BUILT_PRODUCTS_DIR)/TDDExample.app/TDDExample";
				FRAMEWORK_SEARCH_PATHS = (
					"$(SDKROOT)/Developer/Library/Frameworks",
					"$(inherited)",
				);
				GCC_PRECOMPILE_PREFIX_HEADER = YES;
				GCC_PREFIX_HEADER = "TDDExample/TDDExample-Prefix.pch";
				INFOPLIST_FILE = "TDDExampleTests/TDDExampleTests-Info.plist";
				PRODUCT_NAME = "$(TARGET_NAME)";
				TEST_HOST = "$(BUNDLE_LOADER)";
				WRAPPER_EXTENSION = xctest;
			};
			name = Debug;
		};
		53042DD9B3B57C8ADE02FA42 /* Release */ = {
			isa = XCBuildConfiguration;
			buildSettings = {
				ALWAYS_SEARCH_USER_PATHS = NO;
				CLANG_CXX_LANGUAGE_STANDARD = "gnu++0x";
				CLANG_CXX_LIBRARY = "libc++";
				CLANG_ENABLE_MODULES = YES;
				CLANG_ENABLE_OBJC_ARC = YES;
				CLANG_WARN_BOOL_CONVERSION = YES;
				CLANG_WARN_CONSTANT_CONVERSION = YES;
				CLANG_WARN_DIRECT_OBJC_ISA_USAGE = YES_ERROR;
				CLANG_WARN_EMPTY_BODY = YES;
				CLANG_WARN_ENUM_CONVERSION = YES;
				CLANG_WARN_INT_CONVERSION = YES;
				CLANG_WARN_OBJC_ROOT_CLASS = YES_ERROR;
				CLANG_WARN__DUPLICATE_METHOD_MATCH = YES;
				"CODE_SIGN_IDENTITY[sdk=iphoneos*]" = "iPhone Developer";
				COPY_PHASE_STRIP = YES;
				ENABLE_NS_ASSERTIONS = NO;
				GCC_C_LANGUAGE_STANDARD = gnu99;
				GCC_WARN_64_TO_32_BIT_CONVERSION = YES;
				GCC_WARN_ABOUT_RETURN_TYPE = YES_ERROR;
				GCC_WARN_UNDECLARED_SELECTOR = YES;
				GCC_WARN_UNINITIALIZED_AUTOS = YES_AGGRESSIVE;
				GCC_WARN_UNUSED_FUNCTION = YES;
				GCC_WARN_UNUSED_VARIABLE = YES;
				IPHONEOS_DEPLOYMENT_TARGET = 7.1;
				SDKROOT = iphoneos;
				TARGETED_DEVICE_FAMILY = "1,2";
				VALIDATE_PRODUCT = YES;
			};
			name = Release;
		};
		7974C256197A792600918CAC /* Debug */ = {
			isa = XCBuildConfiguration;
			buildSettings = {
				ASSETCATALOG_COMPILER_APPICON_NAME = AppIcon;
				ASSETCATALOG_COMPILER_LAUNCHIMAGE_NAME = LaunchImage;
				GCC_PRECOMPILE_PREFIX_HEADER = YES;
				GCC_PREFIX_HEADER = "MockedServiceExample/MockedServiceExample-Prefix.pch";
				GCC_PREPROCESSOR_DEFINITIONS = (
					"DEBUG=1",
					"$(inherited)",
				);
				INFOPLIST_FILE = "MockedServiceExample/MockedServiceExample-Info.plist";
				PRODUCT_NAME = "$(TARGET_NAME)";
				WRAPPER_EXTENSION = app;
			};
			name = Debug;
		};
		7974C257197A792600918CAC /* Release */ = {
			isa = XCBuildConfiguration;
			buildSettings = {
				ASSETCATALOG_COMPILER_APPICON_NAME = AppIcon;
				ASSETCATALOG_COMPILER_LAUNCHIMAGE_NAME = LaunchImage;
				GCC_PRECOMPILE_PREFIX_HEADER = YES;
				GCC_PREFIX_HEADER = "MockedServiceExample/MockedServiceExample-Prefix.pch";
				INFOPLIST_FILE = "MockedServiceExample/MockedServiceExample-Info.plist";
				PRODUCT_NAME = "$(TARGET_NAME)";
				WRAPPER_EXTENSION = app;
			};
			name = Release;
		};
		7974C259197A792600918CAC /* Debug */ = {
			isa = XCBuildConfiguration;
			buildSettings = {
				BUNDLE_LOADER = "$(BUILT_PRODUCTS_DIR)/MockedServiceExample.app/MockedServiceExample";
				FRAMEWORK_SEARCH_PATHS = (
					"$(SDKROOT)/Developer/Library/Frameworks",
					"$(inherited)",
					"$(DEVELOPER_FRAMEWORKS_DIR)",
				);
				GCC_PRECOMPILE_PREFIX_HEADER = YES;
				GCC_PREFIX_HEADER = "MockedServiceExample/MockedServiceExample-Prefix.pch";
				GCC_PREPROCESSOR_DEFINITIONS = (
					"DEBUG=1",
					"$(inherited)",
				);
				INFOPLIST_FILE = "MockedServiceExampleTests/MockedServiceExampleTests-Info.plist";
				PRODUCT_NAME = "$(TARGET_NAME)";
				TEST_HOST = "$(BUNDLE_LOADER)";
				WRAPPER_EXTENSION = xctest;
			};
			name = Debug;
		};
		7974C25A197A792600918CAC /* Release */ = {
			isa = XCBuildConfiguration;
			buildSettings = {
				BUNDLE_LOADER = "$(BUILT_PRODUCTS_DIR)/MockedServiceExample.app/MockedServiceExample";
				FRAMEWORK_SEARCH_PATHS = (
					"$(SDKROOT)/Developer/Library/Frameworks",
					"$(inherited)",
					"$(DEVELOPER_FRAMEWORKS_DIR)",
				);
				GCC_PRECOMPILE_PREFIX_HEADER = YES;
				GCC_PREFIX_HEADER = "MockedServiceExample/MockedServiceExample-Prefix.pch";
				INFOPLIST_FILE = "MockedServiceExampleTests/MockedServiceExampleTests-Info.plist";
				PRODUCT_NAME = "$(TARGET_NAME)";
				TEST_HOST = "$(BUNDLE_LOADER)";
				WRAPPER_EXTENSION = xctest;
			};
			name = Release;
		};
		7974C27B197AA10500918CAC /* Debug */ = {
			isa = XCBuildConfiguration;
			baseConfigurationReference = DD33B689278541C9A5436B7C /* Pods-KIF mocked UI tests.xcconfig */;
			buildSettings = {
				BUNDLE_LOADER = "$(BUILT_PRODUCTS_DIR)/MockedServiceExample.app/MockedServiceExample";
				FRAMEWORK_SEARCH_PATHS = (
					"$(SDKROOT)/Developer/Library/Frameworks",
					"$(inherited)",
					"$(DEVELOPER_FRAMEWORKS_DIR)",
				);
				GCC_PRECOMPILE_PREFIX_HEADER = YES;
				GCC_PREFIX_HEADER = "KIF mocked UI tests/KIF mocked UI tests-Prefix.pch";
				GCC_PREPROCESSOR_DEFINITIONS = (
					"DEBUG=1",
					"$(inherited)",
				);
				INFOPLIST_FILE = "KIF mocked UI tests/KIF mocked UI tests-Info.plist";
				PRODUCT_NAME = "$(TARGET_NAME)";
				TEST_HOST = "$(BUNDLE_LOADER)";
				WRAPPER_EXTENSION = xctest;
			};
			name = Debug;
		};
		7974C27C197AA10500918CAC /* Release */ = {
			isa = XCBuildConfiguration;
			baseConfigurationReference = DD33B689278541C9A5436B7C /* Pods-KIF mocked UI tests.xcconfig */;
			buildSettings = {
				BUNDLE_LOADER = "$(BUILT_PRODUCTS_DIR)/MockedServiceExample.app/MockedServiceExample";
				FRAMEWORK_SEARCH_PATHS = (
					"$(SDKROOT)/Developer/Library/Frameworks",
					"$(inherited)",
					"$(DEVELOPER_FRAMEWORKS_DIR)",
				);
				GCC_PRECOMPILE_PREFIX_HEADER = YES;
				GCC_PREFIX_HEADER = "KIF mocked UI tests/KIF mocked UI tests-Prefix.pch";
				INFOPLIST_FILE = "KIF mocked UI tests/KIF mocked UI tests-Info.plist";
				PRODUCT_NAME = "$(TARGET_NAME)";
				TEST_HOST = "$(BUNDLE_LOADER)";
				WRAPPER_EXTENSION = xctest;
			};
			name = Release;
		};
/* End XCBuildConfiguration section */

/* Begin XCConfigurationList section */
		53042199DF36D669F5738D47 /* Build configuration list for PBXNativeTarget "TDDExample" */ = {
			isa = XCConfigurationList;
			buildConfigurations = (
				530426DDC41E8B24FAEE036D /* Debug */,
				5304220F03B9C7863819CBD4 /* Release */,
			);
			defaultConfigurationIsVisible = 0;
			defaultConfigurationName = Release;
		};
		530426549E5EA9CD7F95E00A /* Build configuration list for PBXNativeTarget "TDDExampleTests" */ = {
			isa = XCConfigurationList;
			buildConfigurations = (
				53042A3C3E12550994DA1078 /* Debug */,
				5304220B0AA1826CCF2A4B70 /* Release */,
			);
			defaultConfigurationIsVisible = 0;
			defaultConfigurationName = Release;
		};
		530428DA7F776D199DAEDBA3 /* Build configuration list for PBXProject "TDDExample" */ = {
			isa = XCConfigurationList;
			buildConfigurations = (
				530426DE54C9E7D5EFDED9F2 /* Debug */,
				53042DD9B3B57C8ADE02FA42 /* Release */,
			);
			defaultConfigurationIsVisible = 0;
			defaultConfigurationName = Release;
		};
		7974C255197A792600918CAC /* Build configuration list for PBXNativeTarget "MockedServiceExample" */ = {
			isa = XCConfigurationList;
			buildConfigurations = (
				7974C256197A792600918CAC /* Debug */,
				7974C257197A792600918CAC /* Release */,
			);
			defaultConfigurationIsVisible = 0;
			defaultConfigurationName = Release;
		};
		7974C258197A792600918CAC /* Build configuration list for PBXNativeTarget "MockedServiceExampleTests" */ = {
			isa = XCConfigurationList;
			buildConfigurations = (
				7974C259197A792600918CAC /* Debug */,
				7974C25A197A792600918CAC /* Release */,
			);
			defaultConfigurationIsVisible = 0;
			defaultConfigurationName = Release;
		};
		7974C27A197AA10500918CAC /* Build configuration list for PBXNativeTarget "KIF mocked UI tests" */ = {
			isa = XCConfigurationList;
			buildConfigurations = (
				7974C27B197AA10500918CAC /* Debug */,
				7974C27C197AA10500918CAC /* Release */,
			);
			defaultConfigurationIsVisible = 0;
			defaultConfigurationName = Release;
		};
/* End XCConfigurationList section */
	};
	rootObject = 530428161B295A77820B3F16 /* Project object */;
}
